// !$*UTF8*$!
{
	archiveVersion = 1;
	classes = {
	};
	objectVersion = 50;
	objects = {

/* Begin PBXBuildFile section */
		C2B612682080978500E42698 /* AppDelegate.swift in Sources */ = {isa = PBXBuildFile; fileRef = C2B612672080978500E42698 /* AppDelegate.swift */; };
		C2B6126A2080978500E42698 /* ViewController.swift in Sources */ = {isa = PBXBuildFile; fileRef = C2B612692080978500E42698 /* ViewController.swift */; };
		C2B6126D2080978500E42698 /* Main.storyboard in Resources */ = {isa = PBXBuildFile; fileRef = C2B6126B2080978500E42698 /* Main.storyboard */; };
		C2B6126F2080978700E42698 /* Assets.xcassets in Resources */ = {isa = PBXBuildFile; fileRef = C2B6126E2080978700E42698 /* Assets.xcassets */; };
		C2B612722080978700E42698 /* LaunchScreen.storyboard in Resources */ = {isa = PBXBuildFile; fileRef = C2B612702080978700E42698 /* LaunchScreen.storyboard */; };
		C2B6127D2080978700E42698 /* TwitSplitTests.swift in Sources */ = {isa = PBXBuildFile; fileRef = C2B6127C2080978700E42698 /* TwitSplitTests.swift */; };
		C2B612882080978700E42698 /* TwitSplitUITests.swift in Sources */ = {isa = PBXBuildFile; fileRef = C2B612872080978700E42698 /* TwitSplitUITests.swift */; };
/* End PBXBuildFile section */

/* Begin PBXContainerItemProxy section */
		C2B612792080978700E42698 /* PBXContainerItemProxy */ = {
			isa = PBXContainerItemProxy;
			containerPortal = C2B6125C2080978500E42698 /* Project object */;
			proxyType = 1;
			remoteGlobalIDString = C2B612632080978500E42698;
			remoteInfo = TwitSplit;
		};
		C2B612842080978700E42698 /* PBXContainerItemProxy */ = {
			isa = PBXContainerItemProxy;
			containerPortal = C2B6125C2080978500E42698 /* Project object */;
			proxyType = 1;
			remoteGlobalIDString = C2B612632080978500E42698;
			remoteInfo = TwitSplit;
		};
/* End PBXContainerItemProxy section */

/* Begin PBXFileReference section */
		C2B612642080978500E42698 /* TwitSplit.app */ = {isa = PBXFileReference; explicitFileType = wrapper.application; includeInIndex = 0; path = TwitSplit.app; sourceTree = BUILT_PRODUCTS_DIR; };
		C2B612672080978500E42698 /* AppDelegate.swift */ = {isa = PBXFileReference; lastKnownFileType = sourcecode.swift; path = AppDelegate.swift; sourceTree = "<group>"; };
		C2B612692080978500E42698 /* ViewController.swift */ = {isa = PBXFileReference; lastKnownFileType = sourcecode.swift; path = ViewController.swift; sourceTree = "<group>"; };
		C2B6126C2080978500E42698 /* Base */ = {isa = PBXFileReference; lastKnownFileType = file.storyboard; name = Base; path = Base.lproj/Main.storyboard; sourceTree = "<group>"; };
		C2B6126E2080978700E42698 /* Assets.xcassets */ = {isa = PBXFileReference; lastKnownFileType = folder.assetcatalog; path = Assets.xcassets; sourceTree = "<group>"; };
		C2B612712080978700E42698 /* Base */ = {isa = PBXFileReference; lastKnownFileType = file.storyboard; name = Base; path = Base.lproj/LaunchScreen.storyboard; sourceTree = "<group>"; };
		C2B612732080978700E42698 /* Info.plist */ = {isa = PBXFileReference; lastKnownFileType = text.plist.xml; path = Info.plist; sourceTree = "<group>"; };
		C2B612782080978700E42698 /* TwitSplitTests.xctest */ = {isa = PBXFileReference; explicitFileType = wrapper.cfbundle; includeInIndex = 0; path = TwitSplitTests.xctest; sourceTree = BUILT_PRODUCTS_DIR; };
		C2B6127C2080978700E42698 /* TwitSplitTests.swift */ = {isa = PBXFileReference; lastKnownFileType = sourcecode.swift; path = TwitSplitTests.swift; sourceTree = "<group>"; };
		C2B6127E2080978700E42698 /* Info.plist */ = {isa = PBXFileReference; lastKnownFileType = text.plist.xml; path = Info.plist; sourceTree = "<group>"; };
		C2B612832080978700E42698 /* TwitSplitUITests.xctest */ = {isa = PBXFileReference; explicitFileType = wrapper.cfbundle; includeInIndex = 0; path = TwitSplitUITests.xctest; sourceTree = BUILT_PRODUCTS_DIR; };
		C2B612872080978700E42698 /* TwitSplitUITests.swift */ = {isa = PBXFileReference; lastKnownFileType = sourcecode.swift; path = TwitSplitUITests.swift; sourceTree = "<group>"; };
		C2B612892080978700E42698 /* Info.plist */ = {isa = PBXFileReference; lastKnownFileType = text.plist.xml; path = Info.plist; sourceTree = "<group>"; };
/* End PBXFileReference section */

/* Begin PBXFrameworksBuildPhase section */
		C2B612612080978500E42698 /* Frameworks */ = {
			isa = PBXFrameworksBuildPhase;
			buildActionMask = 2147483647;
			files = (
			);
			runOnlyForDeploymentPostprocessing = 0;
		};
		C2B612752080978700E42698 /* Frameworks */ = {
			isa = PBXFrameworksBuildPhase;
			buildActionMask = 2147483647;
			files = (
			);
			runOnlyForDeploymentPostprocessing = 0;
		};
		C2B612802080978700E42698 /* Frameworks */ = {
			isa = PBXFrameworksBuildPhase;
			buildActionMask = 2147483647;
			files = (
			);
			runOnlyForDeploymentPostprocessing = 0;
		};
/* End PBXFrameworksBuildPhase section */

/* Begin PBXGroup section */
		C2B6125B2080978500E42698 = {
			isa = PBXGroup;
			children = (
				C2B612662080978500E42698 /* TwitSplit */,
				C2B6127B2080978700E42698 /* TwitSplitTests */,
				C2B612862080978700E42698 /* TwitSplitUITests */,
				C2B612652080978500E42698 /* Products */,
			);
			sourceTree = "<group>";
		};
		C2B612652080978500E42698 /* Products */ = {
			isa = PBXGroup;
			children = (
				C2B612642080978500E42698 /* TwitSplit.app */,
				C2B612782080978700E42698 /* TwitSplitTests.xctest */,
				C2B612832080978700E42698 /* TwitSplitUITests.xctest */,
			);
			name = Products;
			sourceTree = "<group>";
		};
		C2B612662080978500E42698 /* TwitSplit */ = {
			isa = PBXGroup;
			children = (
				C2B612672080978500E42698 /* AppDelegate.swift */,
				C2B612692080978500E42698 /* ViewController.swift */,
				C2B6126B2080978500E42698 /* Main.storyboard */,
				C2B6126E2080978700E42698 /* Assets.xcassets */,
				C2B612702080978700E42698 /* LaunchScreen.storyboard */,
				C2B612732080978700E42698 /* Info.plist */,
			);
			path = TwitSplit;
			sourceTree = "<group>";
		};
		C2B6127B2080978700E42698 /* TwitSplitTests */ = {
			isa = PBXGroup;
			children = (
				C2B6127C2080978700E42698 /* TwitSplitTests.swift */,
				C2B6127E2080978700E42698 /* Info.plist */,
			);
			path = TwitSplitTests;
			sourceTree = "<group>";
		};
		C2B612862080978700E42698 /* TwitSplitUITests */ = {
			isa = PBXGroup;
			children = (
				C2B612872080978700E42698 /* TwitSplitUITests.swift */,
				C2B612892080978700E42698 /* Info.plist */,
			);
			path = TwitSplitUITests;
			sourceTree = "<group>";
		};
/* End PBXGroup section */

/* Begin PBXNativeTarget section */
		C2B612632080978500E42698 /* TwitSplit */ = {
			isa = PBXNativeTarget;
			buildConfigurationList = C2B6128C2080978700E42698 /* Build configuration list for PBXNativeTarget "TwitSplit" */;
			buildPhases = (
				C2B612602080978500E42698 /* Sources */,
				C2B612612080978500E42698 /* Frameworks */,
				C2B612622080978500E42698 /* Resources */,
			);
			buildRules = (
			);
			dependencies = (
			);
			name = TwitSplit;
			productName = TwitSplit;
			productReference = C2B612642080978500E42698 /* TwitSplit.app */;
			productType = "com.apple.product-type.application";
		};
		C2B612772080978700E42698 /* TwitSplitTests */ = {
			isa = PBXNativeTarget;
			buildConfigurationList = C2B6128F2080978700E42698 /* Build configuration list for PBXNativeTarget "TwitSplitTests" */;
			buildPhases = (
				C2B612742080978700E42698 /* Sources */,
				C2B612752080978700E42698 /* Frameworks */,
				C2B612762080978700E42698 /* Resources */,
			);
			buildRules = (
			);
			dependencies = (
				C2B6127A2080978700E42698 /* PBXTargetDependency */,
			);
			name = TwitSplitTests;
			productName = TwitSplitTests;
			productReference = C2B612782080978700E42698 /* TwitSplitTests.xctest */;
			productType = "com.apple.product-type.bundle.unit-test";
		};
		C2B612822080978700E42698 /* TwitSplitUITests */ = {
			isa = PBXNativeTarget;
			buildConfigurationList = C2B612922080978700E42698 /* Build configuration list for PBXNativeTarget "TwitSplitUITests" */;
			buildPhases = (
				C2B6127F2080978700E42698 /* Sources */,
				C2B612802080978700E42698 /* Frameworks */,
				C2B612812080978700E42698 /* Resources */,
			);
			buildRules = (
			);
			dependencies = (
				C2B612852080978700E42698 /* PBXTargetDependency */,
			);
			name = TwitSplitUITests;
			productName = TwitSplitUITests;
			productReference = C2B612832080978700E42698 /* TwitSplitUITests.xctest */;
			productType = "com.apple.product-type.bundle.ui-testing";
		};
/* End PBXNativeTarget section */

/* Begin PBXProject section */
		C2B6125C2080978500E42698 /* Project object */ = {
			isa = PBXProject;
			attributes = {
				LastSwiftUpdateCheck = 0930;
				LastUpgradeCheck = 0930;
				ORGANIZATIONNAME = Zincer;
				TargetAttributes = {
					C2B612632080978500E42698 = {
						CreatedOnToolsVersion = 9.3;
					};
					C2B612772080978700E42698 = {
						CreatedOnToolsVersion = 9.3;
						TestTargetID = C2B612632080978500E42698;
					};
					C2B612822080978700E42698 = {
						CreatedOnToolsVersion = 9.3;
						TestTargetID = C2B612632080978500E42698;
					};
				};
			};
			buildConfigurationList = C2B6125F2080978500E42698 /* Build configuration list for PBXProject "TwitSplit" */;
			compatibilityVersion = "Xcode 9.3";
			developmentRegion = en;
			hasScannedForEncodings = 0;
			knownRegions = (
				en,
				Base,
			);
			mainGroup = C2B6125B2080978500E42698;
			productRefGroup = C2B612652080978500E42698 /* Products */;
			projectDirPath = "";
			projectRoot = "";
			targets = (
				C2B612632080978500E42698 /* TwitSplit */,
				C2B612772080978700E42698 /* TwitSplitTests */,
				C2B612822080978700E42698 /* TwitSplitUITests */,
			);
		};
/* End PBXProject section */

/* Begin PBXResourcesBuildPhase section */
		C2B612622080978500E42698 /* Resources */ = {
			isa = PBXResourcesBuildPhase;
			buildActionMask = 2147483647;
			files = (
				C2B612722080978700E42698 /* LaunchScreen.storyboard in Resources */,
				C2B6126F2080978700E42698 /* Assets.xcassets in Resources */,
				C2B6126D2080978500E42698 /* Main.storyboard in Resources */,
			);
			runOnlyForDeploymentPostprocessing = 0;
		};
		C2B612762080978700E42698 /* Resources */ = {
			isa = PBXResourcesBuildPhase;
			buildActionMask = 2147483647;
			files = (
			);
			runOnlyForDeploymentPostprocessing = 0;
		};
		C2B612812080978700E42698 /* Resources */ = {
			isa = PBXResourcesBuildPhase;
			buildActionMask = 2147483647;
			files = (
			);
			runOnlyForDeploymentPostprocessing = 0;
		};
/* End PBXResourcesBuildPhase section */

/* Begin PBXSourcesBuildPhase section */
		C2B612602080978500E42698 /* Sources */ = {
			isa = PBXSourcesBuildPhase;
			buildActionMask = 2147483647;
			files = (
				C2B6126A2080978500E42698 /* ViewController.swift in Sources */,
				C2B612682080978500E42698 /* AppDelegate.swift in Sources */,
			);
			runOnlyForDeploymentPostprocessing = 0;
		};
		C2B612742080978700E42698 /* Sources */ = {
			isa = PBXSourcesBuildPhase;
			buildActionMask = 2147483647;
			files = (
				C2B6127D2080978700E42698 /* TwitSplitTests.swift in Sources */,
			);
			runOnlyForDeploymentPostprocessing = 0;
		};
		C2B6127F2080978700E42698 /* Sources */ = {
			isa = PBXSourcesBuildPhase;
			buildActionMask = 2147483647;
			files = (
				C2B612882080978700E42698 /* TwitSplitUITests.swift in Sources */,
			);
			runOnlyForDeploymentPostprocessing = 0;
		};
/* End PBXSourcesBuildPhase section */

/* Begin PBXTargetDependency section */
		C2B6127A2080978700E42698 /* PBXTargetDependency */ = {
			isa = PBXTargetDependency;
			target = C2B612632080978500E42698 /* TwitSplit */;
			targetProxy = C2B612792080978700E42698 /* PBXContainerItemProxy */;
		};
		C2B612852080978700E42698 /* PBXTargetDependency */ = {
			isa = PBXTargetDependency;
			target = C2B612632080978500E42698 /* TwitSplit */;
			targetProxy = C2B612842080978700E42698 /* PBXContainerItemProxy */;
		};
/* End PBXTargetDependency section */

/* Begin PBXVariantGroup section */
		C2B6126B2080978500E42698 /* Main.storyboard */ = {
			isa = PBXVariantGroup;
			children = (
				C2B6126C2080978500E42698 /* Base */,
			);
			name = Main.storyboard;
			sourceTree = "<group>";
		};
		C2B612702080978700E42698 /* LaunchScreen.storyboard */ = {
			isa = PBXVariantGroup;
			children = (
				C2B612712080978700E42698 /* Base */,
			);
			name = LaunchScreen.storyboard;
			sourceTree = "<group>";
		};
/* End PBXVariantGroup section */

/* Begin XCBuildConfiguration section */
		C2B6128A2080978700E42698 /* Debug */ = {
			isa = XCBuildConfiguration;
			buildSettings = {
				ALWAYS_SEARCH_USER_PATHS = NO;
				CLANG_ANALYZER_NONNULL = YES;
				CLANG_ANALYZER_NUMBER_OBJECT_CONVERSION = YES_AGGRESSIVE;
				CLANG_CXX_LANGUAGE_STANDARD = "gnu++14";
				CLANG_CXX_LIBRARY = "libc++";
				CLANG_ENABLE_MODULES = YES;
				CLANG_ENABLE_OBJC_ARC = YES;
				CLANG_ENABLE_OBJC_WEAK = YES;
				CLANG_WARN_BLOCK_CAPTURE_AUTORELEASING = YES;
				CLANG_WARN_BOOL_CONVERSION = YES;
				CLANG_WARN_COMMA = YES;
				CLANG_WARN_CONSTANT_CONVERSION = YES;
				CLANG_WARN_DEPRECATED_OBJC_IMPLEMENTATIONS = YES;
				CLANG_WARN_DIRECT_OBJC_ISA_USAGE = YES_ERROR;
				CLANG_WARN_DOCUMENTATION_COMMENTS = YES;
				CLANG_WARN_EMPTY_BODY = YES;
				CLANG_WARN_ENUM_CONVERSION = YES;
				CLANG_WARN_INFINITE_RECURSION = YES;
				CLANG_WARN_INT_CONVERSION = YES;
				CLANG_WARN_NON_LITERAL_NULL_CONVERSION = YES;
				CLANG_WARN_OBJC_IMPLICIT_RETAIN_SELF = YES;
				CLANG_WARN_OBJC_LITERAL_CONVERSION = YES;
				CLANG_WARN_OBJC_ROOT_CLASS = YES_ERROR;
				CLANG_WARN_RANGE_LOOP_ANALYSIS = YES;
				CLANG_WARN_STRICT_PROTOTYPES = YES;
				CLANG_WARN_SUSPICIOUS_MOVE = YES;
				CLANG_WARN_UNGUARDED_AVAILABILITY = YES_AGGRESSIVE;
				CLANG_WARN_UNREACHABLE_CODE = YES;
				CLANG_WARN__DUPLICATE_METHOD_MATCH = YES;
				CODE_SIGN_IDENTITY = "iPhone Developer";
				COPY_PHASE_STRIP = NO;
				DEBUG_INFORMATION_FORMAT = dwarf;
				ENABLE_STRICT_OBJC_MSGSEND = YES;
				ENABLE_TESTABILITY = YES;
				GCC_C_LANGUAGE_STANDARD = gnu11;
				GCC_DYNAMIC_NO_PIC = NO;
				GCC_NO_COMMON_BLOCKS = YES;
				GCC_OPTIMIZATION_LEVEL = 0;
				GCC_PREPROCESSOR_DEFINITIONS = (
					"DEBUG=1",
					"$(inherited)",
				);
				GCC_WARN_64_TO_32_BIT_CONVERSION = YES;
				GCC_WARN_ABOUT_RETURN_TYPE = YES_ERROR;
				GCC_WARN_UNDECLARED_SELECTOR = YES;
				GCC_WARN_UNINITIALIZED_AUTOS = YES_AGGRESSIVE;
				GCC_WARN_UNUSED_FUNCTION = YES;
				GCC_WARN_UNUSED_VARIABLE = YES;
				IPHONEOS_DEPLOYMENT_TARGET = 11.3;
				MTL_ENABLE_DEBUG_INFO = YES;
				ONLY_ACTIVE_ARCH = YES;
				SDKROOT = iphoneos;
				SWIFT_ACTIVE_COMPILATION_CONDITIONS = DEBUG;
				SWIFT_OPTIMIZATION_LEVEL = "-Onone";
			};
			name = Debug;
		};
		C2B6128B2080978700E42698 /* Release */ = {
			isa = XCBuildConfiguration;
			buildSettings = {
				ALWAYS_SEARCH_USER_PATHS = NO;
				CLANG_ANALYZER_NONNULL = YES;
				CLANG_ANALYZER_NUMBER_OBJECT_CONVERSION = YES_AGGRESSIVE;
				CLANG_CXX_LANGUAGE_STANDARD = "gnu++14";
				CLANG_CXX_LIBRARY = "libc++";
				CLANG_ENABLE_MODULES = YES;
				CLANG_ENABLE_OBJC_ARC = YES;
				CLANG_ENABLE_OBJC_WEAK = YES;
				CLANG_WARN_BLOCK_CAPTURE_AUTORELEASING = YES;
				CLANG_WARN_BOOL_CONVERSION = YES;
				CLANG_WARN_COMMA = YES;
				CLANG_WARN_CONSTANT_CONVERSION = YES;
				CLANG_WARN_DEPRECATED_OBJC_IMPLEMENTATIONS = YES;
				CLANG_WARN_DIRECT_OBJC_ISA_USAGE = YES_ERROR;
				CLANG_WARN_DOCUMENTATION_COMMENTS = YES;
				CLANG_WARN_EMPTY_BODY = YES;
				CLANG_WARN_ENUM_CONVERSION = YES;
				CLANG_WARN_INFINITE_RECURSION = YES;
				CLANG_WARN_INT_CONVERSION = YES;
				CLANG_WARN_NON_LITERAL_NULL_CONVERSION = YES;
				CLANG_WARN_OBJC_IMPLICIT_RETAIN_SELF = YES;
				CLANG_WARN_OBJC_LITERAL_CONVERSION = YES;
				CLANG_WARN_OBJC_ROOT_CLASS = YES_ERROR;
				CLANG_WARN_RANGE_LOOP_ANALYSIS = YES;
				CLANG_WARN_STRICT_PROTOTYPES = YES;
				CLANG_WARN_SUSPICIOUS_MOVE = YES;
				CLANG_WARN_UNGUARDED_AVAILABILITY = YES_AGGRESSIVE;
				CLANG_WARN_UNREACHABLE_CODE = YES;
				CLANG_WARN__DUPLICATE_METHOD_MATCH = YES;
				CODE_SIGN_IDENTITY = "iPhone Developer";
				COPY_PHASE_STRIP = NO;
				DEBUG_INFORMATION_FORMAT = "dwarf-with-dsym";
				ENABLE_NS_ASSERTIONS = NO;
				ENABLE_STRICT_OBJC_MSGSEND = YES;
				GCC_C_LANGUAGE_STANDARD = gnu11;
				GCC_NO_COMMON_BLOCKS = YES;
				GCC_WARN_64_TO_32_BIT_CONVERSION = YES;
				GCC_WARN_ABOUT_RETURN_TYPE = YES_ERROR;
				GCC_WARN_UNDECLARED_SELECTOR = YES;
				GCC_WARN_UNINITIALIZED_AUTOS = YES_AGGRESSIVE;
				GCC_WARN_UNUSED_FUNCTION = YES;
				GCC_WARN_UNUSED_VARIABLE = YES;
				IPHONEOS_DEPLOYMENT_TARGET = 11.3;
				MTL_ENABLE_DEBUG_INFO = NO;
				SDKROOT = iphoneos;
				SWIFT_COMPILATION_MODE = wholemodule;
				SWIFT_OPTIMIZATION_LEVEL = "-O";
				VALIDATE_PRODUCT = YES;
			};
			name = Release;
		};
		C2B6128D2080978700E42698 /* Debug */ = {
			isa = XCBuildConfiguration;
			buildSettings = {
				ASSETCATALOG_COMPILER_APPICON_NAME = AppIcon;
				CODE_SIGN_STYLE = Automatic;
				DEVELOPMENT_TEAM = 9S4XSSR34J;
				INFOPLIST_FILE = TwitSplit/Info.plist;
				LD_RUNPATH_SEARCH_PATHS = (
					"$(inherited)",
					"@executable_path/Frameworks",
				);
				PRODUCT_BUNDLE_IDENTIFIER = com.zincer.TwitSplit;
				PRODUCT_NAME = "$(TARGET_NAME)";
				SWIFT_VERSION = 4.0;
				TARGETED_DEVICE_FAMILY = "1,2";
			};
			name = Debug;
		};
		C2B6128E2080978700E42698 /* Release */ = {
			isa = XCBuildConfiguration;
			buildSettings = {
				ASSETCATALOG_COMPILER_APPICON_NAME = AppIcon;
				CODE_SIGN_STYLE = Automatic;
				DEVELOPMENT_TEAM = 9S4XSSR34J;
				INFOPLIST_FILE = TwitSplit/Info.plist;
				LD_RUNPATH_SEARCH_PATHS = (
					"$(inherited)",
					"@executable_path/Frameworks",
				);
				PRODUCT_BUNDLE_IDENTIFIER = com.zincer.TwitSplit;
				PRODUCT_NAME = "$(TARGET_NAME)";
				SWIFT_VERSION = 4.0;
				TARGETED_DEVICE_FAMILY = "1,2";
			};
			name = Release;
		};
		C2B612902080978700E42698 /* Debug */ = {
			isa = XCBuildConfiguration;
			buildSettings = {
				ALWAYS_EMBED_SWIFT_STANDARD_LIBRARIES = YES;
				BUNDLE_LOADER = "$(TEST_HOST)";
				CODE_SIGN_STYLE = Automatic;
				DEVELOPMENT_TEAM = 9S4XSSR34J;
				INFOPLIST_FILE = TwitSplitTests/Info.plist;
				LD_RUNPATH_SEARCH_PATHS = (
					"$(inherited)",
					"@executable_path/Frameworks",
					"@loader_path/Frameworks",
				);
				PRODUCT_BUNDLE_IDENTIFIER = com.zincer.TwitSplitTests;
				PRODUCT_NAME = "$(TARGET_NAME)";
				SWIFT_VERSION = 4.0;
				TARGETED_DEVICE_FAMILY = "1,2";
				TEST_HOST = "$(BUILT_PRODUCTS_DIR)/TwitSplit.app/TwitSplit";
			};
			name = Debug;
		};
		C2B612912080978700E42698 /* Release */ = {
			isa = XCBuildConfiguration;
			buildSettings = {
				ALWAYS_EMBED_SWIFT_STANDARD_LIBRARIES = YES;
				BUNDLE_LOADER = "$(TEST_HOST)";
				CODE_SIGN_STYLE = Automatic;
				DEVELOPMENT_TEAM = 9S4XSSR34J;
				INFOPLIST_FILE = TwitSplitTests/Info.plist;
				LD_RUNPATH_SEARCH_PATHS = (
					"$(inherited)",
					"@executable_path/Frameworks",
					"@loader_path/Frameworks",
				);
				PRODUCT_BUNDLE_IDENTIFIER = com.zincer.TwitSplitTests;
				PRODUCT_NAME = "$(TARGET_NAME)";
				SWIFT_VERSION = 4.0;
				TARGETED_DEVICE_FAMILY = "1,2";
				TEST_HOST = "$(BUILT_PRODUCTS_DIR)/TwitSplit.app/TwitSplit";
			};
			name = Release;
		};
		C2B612932080978700E42698 /* Debug */ = {
			isa = XCBuildConfiguration;
			buildSettings = {
				ALWAYS_EMBED_SWIFT_STANDARD_LIBRARIES = YES;
				CODE_SIGN_STYLE = Automatic;
				DEVELOPMENT_TEAM = 9S4XSSR34J;
				INFOPLIST_FILE = TwitSplitUITests/Info.plist;
				LD_RUNPATH_SEARCH_PATHS = (
					"$(inherited)",
					"@executable_path/Frameworks",
					"@loader_path/Frameworks",
				);
				PRODUCT_BUNDLE_IDENTIFIER = com.zincer.TwitSplitUITests;
				PRODUCT_NAME = "$(TARGET_NAME)";
				SWIFT_VERSION = 4.0;
				TARGETED_DEVICE_FAMILY = "1,2";
				TEST_TARGET_NAME = TwitSplit;
			};
			name = Debug;
		};
		C2B612942080978700E42698 /* Release */ = {
			isa = XCBuildConfiguration;
			buildSettings = {
				ALWAYS_EMBED_SWIFT_STANDARD_LIBRARIES = YES;
				CODE_SIGN_STYLE = Automatic;
				DEVELOPMENT_TEAM = 9S4XSSR34J;
				INFOPLIST_FILE = TwitSplitUITests/Info.plist;
				LD_RUNPATH_SEARCH_PATHS = (
					"$(inherited)",
					"@executable_path/Frameworks",
					"@loader_path/Frameworks",
				);
				PRODUCT_BUNDLE_IDENTIFIER = com.zincer.TwitSplitUITests;
				PRODUCT_NAME = "$(TARGET_NAME)";
				SWIFT_VERSION = 4.0;
				TARGETED_DEVICE_FAMILY = "1,2";
				TEST_TARGET_NAME = TwitSplit;
			};
			name = Release;
		};
/* End XCBuildConfiguration section */

/* Begin XCConfigurationList section */
		C2B6125F2080978500E42698 /* Build configuration list for PBXProject "TwitSplit" */ = {
			isa = XCConfigurationList;
			buildConfigurations = (
				C2B6128A2080978700E42698 /* Debug */,
				C2B6128B2080978700E42698 /* Release */,
			);
			defaultConfigurationIsVisible = 0;
			defaultConfigurationName = Release;
		};
		C2B6128C2080978700E42698 /* Build configuration list for PBXNativeTarget "TwitSplit" */ = {
			isa = XCConfigurationList;
			buildConfigurations = (
				C2B6128D2080978700E42698 /* Debug */,
				C2B6128E2080978700E42698 /* Release */,
			);
			defaultConfigurationIsVisible = 0;
			defaultConfigurationName = Release;
		};
		C2B6128F2080978700E42698 /* Build configuration list for PBXNativeTarget "TwitSplitTests" */ = {
			isa = XCConfigurationList;
			buildConfigurations = (
				C2B612902080978700E42698 /* Debug */,
				C2B612912080978700E42698 /* Release */,
			);
			defaultConfigurationIsVisible = 0;
			defaultConfigurationName = Release;
		};
		C2B612922080978700E42698 /* Build configuration list for PBXNativeTarget "TwitSplitUITests" */ = {
			isa = XCConfigurationList;
			buildConfigurations = (
				C2B612932080978700E42698 /* Debug */,
				C2B612942080978700E42698 /* Release */,
			);
			defaultConfigurationIsVisible = 0;
			defaultConfigurationName = Release;
		};
/* End XCConfigurationList section */
	};
	rootObject = C2B6125C2080978500E42698 /* Project object */;
}
